
Microsoft Visual Studio Solution File, Format Version 12.00
# Visual Studio Version 17
VisualStudioVersion = 17.2.32519.379
MinimumVisualStudioVersion = 10.0.40219.1
Project("{9A19103F-16F7-4668-BE54-9A1E7A4F7556}") = "TheHossGame.Core", "src\TheHossGame.Core\TheHossGame.Core.csproj", "{D8122218-2AE1-486C-ABA6-79F4E35D8289}"
EndProject
Project("{2150E333-8FDC-42A3-9474-1A3956D46DE8}") = "src", "src", "{C655C2AE-FB46-47D4-9E03-4E8B22E5C572}"
EndProject
Project("{2150E333-8FDC-42A3-9474-1A3956D46DE8}") = "deploy", "deploy", "{EDF7E067-8550-43DC-AC4A-356449A23B41}"
EndProject
Project("{2150E333-8FDC-42A3-9474-1A3956D46DE8}") = "test", "test", "{3DD32B53-822E-4C59-AA45-64CD54001B65}"
EndProject
Project("{2150E333-8FDC-42A3-9474-1A3956D46DE8}") = ".Sln Items", ".Sln Items", "{642512D5-8F59-4AC1-B4CE-9A03C06F211A}"
	ProjectSection(SolutionItems) = preProject
		.Sln Items\.editorconfig = .Sln Items\.editorconfig
		.Sln Items\.gitignore = .Sln Items\.gitignore
		Directory.Packages.props = Directory.Packages.props
		.Sln Items\global.json = .Sln Items\global.json
		.Sln Items\GlobalSuppressions.cs = .Sln Items\GlobalSuppressions.cs
		.Sln Items\project-words.txt = .Sln Items\project-words.txt
		.Sln Items\SharedAssemblyInfo.cs = .Sln Items\SharedAssemblyInfo.cs
	EndProjectSection
EndProject
Project("{9A19103F-16F7-4668-BE54-9A1E7A4F7556}") = "TheHossGame.SharedKernel", "src\TheHossGame.SharedKernel\TheHossGame.SharedKernel.csproj", "{42F006F1-6076-4128-A7B2-30E4DEB4A7D2}"
EndProject
Project("{9A19103F-16F7-4668-BE54-9A1E7A4F7556}") = "TheHossGame.Infrastructure", "src\TheHossGame.Infrastructure\TheHossGame.Infrastructure.csproj", "{E0672A51-D86C-4BC7-8595-BC34D860E2C1}"
EndProject
Project("{9A19103F-16F7-4668-BE54-9A1E7A4F7556}") = "TheHossGame.Web", "src\TheHossGame.Web\TheHossGame.Web.csproj", "{382C2A25-4585-4A3C-9E8B-CEDCEC9BCFC2}"
EndProject
Project("{9A19103F-16F7-4668-BE54-9A1E7A4F7556}") = "TheHossGame.UnitTests", "tests\TheHossGame.UnitTests\TheHossGame.UnitTests.csproj", "{06ABFE70-6295-405F-8FD7-A7989CB803E3}"
EndProject
Project("{9A19103F-16F7-4668-BE54-9A1E7A4F7556}") = "TheHossGame.IntegrationTests", "tests\TheHossGame.IntegrationTests\TheHossGame.IntegrationTests.csproj", "{2A11EB5E-B51B-4125-87F0-9CB4CC715E8C}"
EndProject
Project("{9A19103F-16F7-4668-BE54-9A1E7A4F7556}") = "TheHossGame.FunctionalTests", "tests\TheHossGame.FunctionalTests\TheHossGame.FunctionalTests.csproj", "{A238C17C-A40E-496E-9C5A-762DEADF96D0}"
EndProject
Project("{9A19103F-16F7-4668-BE54-9A1E7A4F7556}") = "TheHossGame.Cloud", "deploy\TheHossGame.Cloud\TheHossGame.Cloud.csproj", "{E72F6D8D-D2B7-4D8E-8085-3EE8DAE0EA5B}"
EndProject
Project("{2150E333-8FDC-42A3-9474-1A3956D46DE8}") = "code analysis", "code analysis", "{FFEB380F-C6F1-467C-8741-816D8182095B}"
	ProjectSection(SolutionItems) = preProject
		.Sln Items\code analysis\cspell.json = .Sln Items\code analysis\cspell.json
		.Sln Items\code analysis\style.ruleset = .Sln Items\code analysis\style.ruleset
		.Sln Items\code analysis\stylecop.json = .Sln Items\code analysis\stylecop.json
	EndProjectSection
EndProject
Project("{2150E333-8FDC-42A3-9474-1A3956D46DE8}") = "scripts", "scripts", "{04ACE766-6466-4922-9512-1DE4602DA6F0}"
	ProjectSection(SolutionItems) = preProject
		.Sln Items\scripts\Check-Branch.ps1 = .Sln Items\scripts\Check-Branch.ps1
		.Sln Items\scripts\Check-Spell.ps1 = .Sln Items\scripts\Check-Spell.ps1
		.Sln Items\scripts\Configure-Git.ps1 = .Sln Items\scripts\Configure-Git.ps1
		.Sln Items\scripts\Create-FederatedIdentity.ps1 = .Sln Items\scripts\Create-FederatedIdentity.ps1
		.Sln Items\scripts\Rename-Solution.ps1 = .Sln Items\scripts\Rename-Solution.ps1
	EndProjectSection
EndProject
Project("{2150E333-8FDC-42A3-9474-1A3956D46DE8}") = ".githooks", ".githooks", "{B576FA38-F907-4154-92E1-336735CBFF44}"
	ProjectSection(SolutionItems) = preProject
		.Sln Items\scripts\.githooks\pre-commit = .Sln Items\scripts\.githooks\pre-commit
	EndProjectSection
EndProject
Project("{2150E333-8FDC-42A3-9474-1A3956D46DE8}") = ".github", ".github", "{6380BA80-8D71-4375-94CF-F625F334A26D}"
	ProjectSection(SolutionItems) = preProject
		.github\CONTRIBUTING.md = .github\CONTRIBUTING.md
		.github\dependabot.yml = .github\dependabot.yml
		.github\FUNDING.yml = .github\FUNDING.yml
	EndProjectSection
EndProject
Project("{2150E333-8FDC-42A3-9474-1A3956D46DE8}") = "workflows", "workflows", "{D517B046-78FF-411B-864F-A4135791620E}"
	ProjectSection(SolutionItems) = preProject
		.github\workflows\codeql-analysis.yml = .github\workflows\codeql-analysis.yml
		.github\workflows\deploy.yml = .github\workflows\deploy.yml
		.github\workflows\dotnetcore.yml = .github\workflows\dotnetcore.yml
		.github\workflows\publish.yml = .github\workflows\publish.yml
	EndProjectSection
EndProject
Global
	GlobalSection(SolutionConfigurationPlatforms) = preSolution
		Debug|Any CPU = Debug|Any CPU
		Release|Any CPU = Release|Any CPU
	EndGlobalSection
	GlobalSection(ProjectConfigurationPlatforms) = postSolution
		{D8122218-2AE1-486C-ABA6-79F4E35D8289}.Debug|Any CPU.ActiveCfg = Debug|Any CPU
		{D8122218-2AE1-486C-ABA6-79F4E35D8289}.Debug|Any CPU.Build.0 = Debug|Any CPU
		{D8122218-2AE1-486C-ABA6-79F4E35D8289}.Release|Any CPU.ActiveCfg = Release|Any CPU
		{D8122218-2AE1-486C-ABA6-79F4E35D8289}.Release|Any CPU.Build.0 = Release|Any CPU
		{42F006F1-6076-4128-A7B2-30E4DEB4A7D2}.Debug|Any CPU.ActiveCfg = Debug|Any CPU
		{42F006F1-6076-4128-A7B2-30E4DEB4A7D2}.Debug|Any CPU.Build.0 = Debug|Any CPU
		{42F006F1-6076-4128-A7B2-30E4DEB4A7D2}.Release|Any CPU.ActiveCfg = Release|Any CPU
		{42F006F1-6076-4128-A7B2-30E4DEB4A7D2}.Release|Any CPU.Build.0 = Release|Any CPU
		{E0672A51-D86C-4BC7-8595-BC34D860E2C1}.Debug|Any CPU.ActiveCfg = Debug|Any CPU
		{E0672A51-D86C-4BC7-8595-BC34D860E2C1}.Debug|Any CPU.Build.0 = Debug|Any CPU
		{E0672A51-D86C-4BC7-8595-BC34D860E2C1}.Release|Any CPU.ActiveCfg = Release|Any CPU
		{E0672A51-D86C-4BC7-8595-BC34D860E2C1}.Release|Any CPU.Build.0 = Release|Any CPU
		{382C2A25-4585-4A3C-9E8B-CEDCEC9BCFC2}.Debug|Any CPU.ActiveCfg = Debug|Any CPU
		{382C2A25-4585-4A3C-9E8B-CEDCEC9BCFC2}.Debug|Any CPU.Build.0 = Debug|Any CPU
		{382C2A25-4585-4A3C-9E8B-CEDCEC9BCFC2}.Release|Any CPU.ActiveCfg = Release|Any CPU
		{382C2A25-4585-4A3C-9E8B-CEDCEC9BCFC2}.Release|Any CPU.Build.0 = Release|Any CPU
		{06ABFE70-6295-405F-8FD7-A7989CB803E3}.Debug|Any CPU.ActiveCfg = Debug|Any CPU
		{06ABFE70-6295-405F-8FD7-A7989CB803E3}.Debug|Any CPU.Build.0 = Debug|Any CPU
		{06ABFE70-6295-405F-8FD7-A7989CB803E3}.Release|Any CPU.ActiveCfg = Release|Any CPU
		{06ABFE70-6295-405F-8FD7-A7989CB803E3}.Release|Any CPU.Build.0 = Release|Any CPU
		{2A11EB5E-B51B-4125-87F0-9CB4CC715E8C}.Debug|Any CPU.ActiveCfg = Debug|Any CPU
		{2A11EB5E-B51B-4125-87F0-9CB4CC715E8C}.Debug|Any CPU.Build.0 = Debug|Any CPU
		{2A11EB5E-B51B-4125-87F0-9CB4CC715E8C}.Release|Any CPU.ActiveCfg = Release|Any CPU
		{2A11EB5E-B51B-4125-87F0-9CB4CC715E8C}.Release|Any CPU.Build.0 = Release|Any CPU
		{A238C17C-A40E-496E-9C5A-762DEADF96D0}.Debug|Any CPU.ActiveCfg = Debug|Any CPU
		{A238C17C-A40E-496E-9C5A-762DEADF96D0}.Debug|Any CPU.Build.0 = Debug|Any CPU
		{A238C17C-A40E-496E-9C5A-762DEADF96D0}.Release|Any CPU.ActiveCfg = Release|Any CPU
		{A238C17C-A40E-496E-9C5A-762DEADF96D0}.Release|Any CPU.Build.0 = Release|Any CPU
		{E72F6D8D-D2B7-4D8E-8085-3EE8DAE0EA5B}.Debug|Any CPU.ActiveCfg = Debug|Any CPU
		{E72F6D8D-D2B7-4D8E-8085-3EE8DAE0EA5B}.Debug|Any CPU.Build.0 = Debug|Any CPU
		{E72F6D8D-D2B7-4D8E-8085-3EE8DAE0EA5B}.Release|Any CPU.ActiveCfg = Release|Any CPU
		{E72F6D8D-D2B7-4D8E-8085-3EE8DAE0EA5B}.Release|Any CPU.Build.0 = Release|Any CPU
	EndGlobalSection
	GlobalSection(SolutionProperties) = preSolution
		HideSolutionNode = FALSE
	EndGlobalSection
	GlobalSection(NestedProjects) = preSolution
		{D8122218-2AE1-486C-ABA6-79F4E35D8289} = {C655C2AE-FB46-47D4-9E03-4E8B22E5C572}
		{42F006F1-6076-4128-A7B2-30E4DEB4A7D2} = {C655C2AE-FB46-47D4-9E03-4E8B22E5C572}
		{E0672A51-D86C-4BC7-8595-BC34D860E2C1} = {C655C2AE-FB46-47D4-9E03-4E8B22E5C572}
		{382C2A25-4585-4A3C-9E8B-CEDCEC9BCFC2} = {C655C2AE-FB46-47D4-9E03-4E8B22E5C572}
		{06ABFE70-6295-405F-8FD7-A7989CB803E3} = {3DD32B53-822E-4C59-AA45-64CD54001B65}
		{2A11EB5E-B51B-4125-87F0-9CB4CC715E8C} = {3DD32B53-822E-4C59-AA45-64CD54001B65}
		{A238C17C-A40E-496E-9C5A-762DEADF96D0} = {3DD32B53-822E-4C59-AA45-64CD54001B65}
		{E72F6D8D-D2B7-4D8E-8085-3EE8DAE0EA5B} = {EDF7E067-8550-43DC-AC4A-356449A23B41}
		{FFEB380F-C6F1-467C-8741-816D8182095B} = {642512D5-8F59-4AC1-B4CE-9A03C06F211A}
		{04ACE766-6466-4922-9512-1DE4602DA6F0} = {642512D5-8F59-4AC1-B4CE-9A03C06F211A}
		{B576FA38-F907-4154-92E1-336735CBFF44} = {04ACE766-6466-4922-9512-1DE4602DA6F0}
		{6380BA80-8D71-4375-94CF-F625F334A26D} = {EDF7E067-8550-43DC-AC4A-356449A23B41}
		{D517B046-78FF-411B-864F-A4135791620E} = {6380BA80-8D71-4375-94CF-F625F334A26D}
	EndGlobalSection
	GlobalSection(ExtensibilityGlobals) = postSolution
		SolutionGuid = {07ABE6B9-E1AF-4025-95A7-0033D0690A41}
	EndGlobalSection
EndGlobal
