
Microsoft Visual Studio Solution File, Format Version 12.00
# Visual Studio Version 17
VisualStudioVersion = 17.2.32519.379
MinimumVisualStudioVersion = 10.0.40219.1
Project("{9A19103F-16F7-4668-BE54-9A1E7A4F7556}") = "TheHossGame.SharedKernel", "src\TheHossGame.SharedKernel\TheHossGame.SharedKernel.csproj", "{4CE64647-084B-460B-AD9C-E1BA08D422A1}"
EndProject
Project("{2150E333-8FDC-42A3-9474-1A3956D46DE8}") = "src", "src", "{5CD64E46-BA45-4060-BAA9-782EFC5231D0}"
EndProject
Project("{2150E333-8FDC-42A3-9474-1A3956D46DE8}") = "test", "test", "{EBBFE754-E06D-48B0-91F5-909001546759}"
EndProject
Project("{9A19103F-16F7-4668-BE54-9A1E7A4F7556}") = "TheHossGame.Core", "src\TheHossGame.Core\TheHossGame.Core.csproj", "{D0B42F5B-A988-4DEF-869A-1355749A021E}"
EndProject
Project("{9A19103F-16F7-4668-BE54-9A1E7A4F7556}") = "TheHossGame.Infrastructure", "src\TheHossGame.Infrastructure\TheHossGame.Infrastructure.csproj", "{F46A5112-3F50-4C11-B50F-94C49A951E75}"
EndProject
Project("{9A19103F-16F7-4668-BE54-9A1E7A4F7556}") = "TheHossGame.Web", "src\TheHossGame.Web\TheHossGame.Web.csproj", "{561BB077-C758-41DD-A3A6-65EC1F83597F}"
EndProject
Project("{9A19103F-16F7-4668-BE54-9A1E7A4F7556}") = "TheHossGame.Cloud", "src\TheHossGame.Cloud\TheHossGame.Cloud.csproj", "{2B82949B-99E2-4314-8751-9ED229517EE4}"
EndProject
Project("{9A19103F-16F7-4668-BE54-9A1E7A4F7556}") = "TheHossGame.UnitTests", "tests\TheHossGame.UnitTests\TheHossGame.UnitTests.csproj", "{782954D4-EFAF-47FE-A683-46B3C5F9F3B2}"
EndProject
Project("{9A19103F-16F7-4668-BE54-9A1E7A4F7556}") = "TheHossGame.IntegrationTests", "tests\TheHossGame.IntegrationTests\TheHossGame.IntegrationTests.csproj", "{686B422D-ECF1-4360-ABFD-D08B677AAEA0}"
EndProject
Project("{9A19103F-16F7-4668-BE54-9A1E7A4F7556}") = "TheHossGame.FunctionalTests", "tests\TheHossGame.FunctionalTests\TheHossGame.FunctionalTests.csproj", "{142E795F-0013-43DE-90BC-65BECC24227B}"
EndProject
Project("{2150E333-8FDC-42A3-9474-1A3956D46DE8}") = "deploy", "deploy", "{7B401221-EAA1-4C2D-8C36-E58ABA051A9B}"
EndProject
Project("{2150E333-8FDC-42A3-9474-1A3956D46DE8}") = "scripts", "scripts", "{1D51379E-F969-4D29-A980-3F40000829B7}"
EndProject
Global
	GlobalSection(SolutionConfigurationPlatforms) = preSolution
		Debug|Any CPU = Debug|Any CPU
		Release|Any CPU = Release|Any CPU
	EndGlobalSection
	GlobalSection(ProjectConfigurationPlatforms) = postSolution
		{4CE64647-084B-460B-AD9C-E1BA08D422A1}.Debug|Any CPU.ActiveCfg = Debug|Any CPU
		{4CE64647-084B-460B-AD9C-E1BA08D422A1}.Debug|Any CPU.Build.0 = Debug|Any CPU
		{4CE64647-084B-460B-AD9C-E1BA08D422A1}.Release|Any CPU.ActiveCfg = Release|Any CPU
		{4CE64647-084B-460B-AD9C-E1BA08D422A1}.Release|Any CPU.Build.0 = Release|Any CPU
		{D0B42F5B-A988-4DEF-869A-1355749A021E}.Debug|Any CPU.ActiveCfg = Debug|Any CPU
		{D0B42F5B-A988-4DEF-869A-1355749A021E}.Debug|Any CPU.Build.0 = Debug|Any CPU
		{D0B42F5B-A988-4DEF-869A-1355749A021E}.Release|Any CPU.ActiveCfg = Release|Any CPU
		{D0B42F5B-A988-4DEF-869A-1355749A021E}.Release|Any CPU.Build.0 = Release|Any CPU
		{F46A5112-3F50-4C11-B50F-94C49A951E75}.Debug|Any CPU.ActiveCfg = Debug|Any CPU
		{F46A5112-3F50-4C11-B50F-94C49A951E75}.Debug|Any CPU.Build.0 = Debug|Any CPU
		{F46A5112-3F50-4C11-B50F-94C49A951E75}.Release|Any CPU.ActiveCfg = Release|Any CPU
		{F46A5112-3F50-4C11-B50F-94C49A951E75}.Release|Any CPU.Build.0 = Release|Any CPU
		{561BB077-C758-41DD-A3A6-65EC1F83597F}.Debug|Any CPU.ActiveCfg = Debug|Any CPU
		{561BB077-C758-41DD-A3A6-65EC1F83597F}.Debug|Any CPU.Build.0 = Debug|Any CPU
		{561BB077-C758-41DD-A3A6-65EC1F83597F}.Release|Any CPU.ActiveCfg = Release|Any CPU
		{561BB077-C758-41DD-A3A6-65EC1F83597F}.Release|Any CPU.Build.0 = Release|Any CPU
		{2B82949B-99E2-4314-8751-9ED229517EE4}.Debug|Any CPU.ActiveCfg = Debug|Any CPU
		{2B82949B-99E2-4314-8751-9ED229517EE4}.Debug|Any CPU.Build.0 = Debug|Any CPU
		{2B82949B-99E2-4314-8751-9ED229517EE4}.Release|Any CPU.ActiveCfg = Release|Any CPU
		{2B82949B-99E2-4314-8751-9ED229517EE4}.Release|Any CPU.Build.0 = Release|Any CPU
		{782954D4-EFAF-47FE-A683-46B3C5F9F3B2}.Debug|Any CPU.ActiveCfg = Debug|Any CPU
		{782954D4-EFAF-47FE-A683-46B3C5F9F3B2}.Debug|Any CPU.Build.0 = Debug|Any CPU
		{782954D4-EFAF-47FE-A683-46B3C5F9F3B2}.Release|Any CPU.ActiveCfg = Release|Any CPU
		{782954D4-EFAF-47FE-A683-46B3C5F9F3B2}.Release|Any CPU.Build.0 = Release|Any CPU
		{686B422D-ECF1-4360-ABFD-D08B677AAEA0}.Debug|Any CPU.ActiveCfg = Debug|Any CPU
		{686B422D-ECF1-4360-ABFD-D08B677AAEA0}.Debug|Any CPU.Build.0 = Debug|Any CPU
		{686B422D-ECF1-4360-ABFD-D08B677AAEA0}.Release|Any CPU.ActiveCfg = Release|Any CPU
		{686B422D-ECF1-4360-ABFD-D08B677AAEA0}.Release|Any CPU.Build.0 = Release|Any CPU
		{142E795F-0013-43DE-90BC-65BECC24227B}.Debug|Any CPU.ActiveCfg = Debug|Any CPU
		{142E795F-0013-43DE-90BC-65BECC24227B}.Debug|Any CPU.Build.0 = Debug|Any CPU
		{142E795F-0013-43DE-90BC-65BECC24227B}.Release|Any CPU.ActiveCfg = Release|Any CPU
		{142E795F-0013-43DE-90BC-65BECC24227B}.Release|Any CPU.Build.0 = Release|Any CPU
	EndGlobalSection
	GlobalSection(SolutionProperties) = preSolution
		HideSolutionNode = FALSE
	EndGlobalSection
	GlobalSection(NestedProjects) = preSolution
		{4CE64647-084B-460B-AD9C-E1BA08D422A1} = {5CD64E46-BA45-4060-BAA9-782EFC5231D0}
		{D0B42F5B-A988-4DEF-869A-1355749A021E} = {5CD64E46-BA45-4060-BAA9-782EFC5231D0}
		{F46A5112-3F50-4C11-B50F-94C49A951E75} = {5CD64E46-BA45-4060-BAA9-782EFC5231D0}
		{561BB077-C758-41DD-A3A6-65EC1F83597F} = {5CD64E46-BA45-4060-BAA9-782EFC5231D0}
		{2B82949B-99E2-4314-8751-9ED229517EE4} = {5CD64E46-BA45-4060-BAA9-782EFC5231D0}
		{782954D4-EFAF-47FE-A683-46B3C5F9F3B2} = {EBBFE754-E06D-48B0-91F5-909001546759}
		{686B422D-ECF1-4360-ABFD-D08B677AAEA0} = {EBBFE754-E06D-48B0-91F5-909001546759}
		{142E795F-0013-43DE-90BC-65BECC24227B} = {EBBFE754-E06D-48B0-91F5-909001546759}
	EndGlobalSection
	GlobalSection(ExtensibilityGlobals) = postSolution
		SolutionGuid = {704E20FF-6B66-4428-B6D9-DEB100372D07}
	EndGlobalSection
EndGlobal
